// !$*UTF8*$!
{
	archiveVersion = 1;
	classes = {
	};
	objectVersion = 55;
	objects = {

/* Begin PBXBuildFile section */
		893D5CD2281A650400E16F45 /* Module5_Task10App.swift in Sources */ = {isa = PBXBuildFile; fileRef = 893D5CD1281A650400E16F45 /* Module5_Task10App.swift */; };
		893D5CD6281A650600E16F45 /* Assets.xcassets in Resources */ = {isa = PBXBuildFile; fileRef = 893D5CD5281A650600E16F45 /* Assets.xcassets */; };
		893D5CD9281A650600E16F45 /* Preview Assets.xcassets in Resources */ = {isa = PBXBuildFile; fileRef = 893D5CD8281A650600E16F45 /* Preview Assets.xcassets */; };
		893D5CDB281A650600E16F45 /* Persistence.swift in Sources */ = {isa = PBXBuildFile; fileRef = 893D5CDA281A650600E16F45 /* Persistence.swift */; };
		893D5CDE281A650600E16F45 /* Module5_Task10.xcdatamodeld in Sources */ = {isa = PBXBuildFile; fileRef = 893D5CDC281A650600E16F45 /* Module5_Task10.xcdatamodeld */; };
		893D5CE8281A655900E16F45 /* FirstTaskScreen.swift in Sources */ = {isa = PBXBuildFile; fileRef = 893D5CE7281A655900E16F45 /* FirstTaskScreen.swift */; };
		893D5CEB281A677A00E16F45 /* SecondScreen.swift in Sources */ = {isa = PBXBuildFile; fileRef = 893D5CEA281A677A00E16F45 /* SecondScreen.swift */; };
		893D5CEE281A690C00E16F45 /* ThreedScreen.swift in Sources */ = {isa = PBXBuildFile; fileRef = 893D5CED281A690C00E16F45 /* ThreedScreen.swift */; };
		893D5CF1281A6A8E00E16F45 /* FourScreen.swift in Sources */ = {isa = PBXBuildFile; fileRef = 893D5CF0281A6A8E00E16F45 /* FourScreen.swift */; };
		893D5CF4281A702A00E16F45 /* FiveScreen.swift in Sources */ = {isa = PBXBuildFile; fileRef = 893D5CF3281A702900E16F45 /* FiveScreen.swift */; };
		893D5CF7281A7A3600E16F45 /* SplashScreen.swift in Sources */ = {isa = PBXBuildFile; fileRef = 893D5CF6281A7A3600E16F45 /* SplashScreen.swift */; };
/* End PBXBuildFile section */

/* Begin PBXFileReference section */
		893D5CCE281A650400E16F45 /* Module5_Task10.app */ = {isa = PBXFileReference; explicitFileType = wrapper.application; includeInIndex = 0; path = Module5_Task10.app; sourceTree = BUILT_PRODUCTS_DIR; };
		893D5CD1281A650400E16F45 /* Module5_Task10App.swift */ = {isa = PBXFileReference; lastKnownFileType = sourcecode.swift; path = Module5_Task10App.swift; sourceTree = "<group>"; };
		893D5CD5281A650600E16F45 /* Assets.xcassets */ = {isa = PBXFileReference; lastKnownFileType = folder.assetcatalog; path = Assets.xcassets; sourceTree = "<group>"; };
		893D5CD8281A650600E16F45 /* Preview Assets.xcassets */ = {isa = PBXFileReference; lastKnownFileType = folder.assetcatalog; path = "Preview Assets.xcassets"; sourceTree = "<group>"; };
		893D5CDA281A650600E16F45 /* Persistence.swift */ = {isa = PBXFileReference; lastKnownFileType = sourcecode.swift; path = Persistence.swift; sourceTree = "<group>"; };
		893D5CDD281A650600E16F45 /* Module5_Task10.xcdatamodel */ = {isa = PBXFileReference; lastKnownFileType = wrapper.xcdatamodel; path = Module5_Task10.xcdatamodel; sourceTree = "<group>"; };
		893D5CE7281A655900E16F45 /* FirstTaskScreen.swift */ = {isa = PBXFileReference; lastKnownFileType = sourcecode.swift; path = FirstTaskScreen.swift; sourceTree = "<group>"; };
		893D5CEA281A677A00E16F45 /* SecondScreen.swift */ = {isa = PBXFileReference; lastKnownFileType = sourcecode.swift; path = SecondScreen.swift; sourceTree = "<group>"; };
		893D5CED281A690C00E16F45 /* ThreedScreen.swift */ = {isa = PBXFileReference; lastKnownFileType = sourcecode.swift; path = ThreedScreen.swift; sourceTree = "<group>"; };
		893D5CF0281A6A8E00E16F45 /* FourScreen.swift */ = {isa = PBXFileReference; lastKnownFileType = sourcecode.swift; path = FourScreen.swift; sourceTree = "<group>"; };
		893D5CF3281A702900E16F45 /* FiveScreen.swift */ = {isa = PBXFileReference; lastKnownFileType = sourcecode.swift; path = FiveScreen.swift; sourceTree = "<group>"; };
		893D5CF6281A7A3600E16F45 /* SplashScreen.swift */ = {isa = PBXFileReference; lastKnownFileType = sourcecode.swift; path = SplashScreen.swift; sourceTree = "<group>"; };
/* End PBXFileReference section */

/* Begin PBXFrameworksBuildPhase section */
		893D5CCB281A650400E16F45 /* Frameworks */ = {
			isa = PBXFrameworksBuildPhase;
			buildActionMask = 2147483647;
			files = (
			);
			runOnlyForDeploymentPostprocessing = 0;
		};
/* End PBXFrameworksBuildPhase section */

/* Begin PBXGroup section */
		893D5CC5281A650400E16F45 = {
			isa = PBXGroup;
			children = (
				893D5CD0281A650400E16F45 /* Module5_Task10 */,
				893D5CCF281A650400E16F45 /* Products */,
			);
			sourceTree = "<group>";
		};
		893D5CCF281A650400E16F45 /* Products */ = {
			isa = PBXGroup;
			children = (
				893D5CCE281A650400E16F45 /* Module5_Task10.app */,
			);
			name = Products;
			sourceTree = "<group>";
		};
		893D5CD0281A650400E16F45 /* Module5_Task10 */ = {
			isa = PBXGroup;
			children = (
				893D5CE5281A651800E16F45 /* controller */,
				893D5CD1281A650400E16F45 /* Module5_Task10App.swift */,
				893D5CDA281A650600E16F45 /* Persistence.swift */,
				893D5CDC281A650600E16F45 /* Module5_Task10.xcdatamodeld */,
				893D5CE4281A651200E16F45 /* appUtil */,
				893D5CD7281A650600E16F45 /* Preview Content */,
			);
			path = Module5_Task10;
			sourceTree = "<group>";
		};
		893D5CD7281A650600E16F45 /* Preview Content */ = {
			isa = PBXGroup;
			children = (
				893D5CD8281A650600E16F45 /* Preview Assets.xcassets */,
			);
			path = "Preview Content";
			sourceTree = "<group>";
		};
		893D5CE4281A651200E16F45 /* appUtil */ = {
			isa = PBXGroup;
			children = (
				893D5CD5281A650600E16F45 /* Assets.xcassets */,
			);
			path = appUtil;
			sourceTree = "<group>";
		};
		893D5CE5281A651800E16F45 /* controller */ = {
			isa = PBXGroup;
			children = (
				893D5CF5281A7A2300E16F45 /* splash */,
				893D5CF2281A701100E16F45 /* task5 */,
				893D5CEF281A6A8100E16F45 /* task4 */,
				893D5CEC281A68D700E16F45 /* task3 */,
				893D5CE9281A676500E16F45 /* task2 */,
				893D5CE6281A654000E16F45 /* task1 */,
			);
			path = controller;
			sourceTree = "<group>";
		};
		893D5CE6281A654000E16F45 /* task1 */ = {
			isa = PBXGroup;
			children = (
				893D5CE7281A655900E16F45 /* FirstTaskScreen.swift */,
			);
			path = task1;
			sourceTree = "<group>";
		};
		893D5CE9281A676500E16F45 /* task2 */ = {
			isa = PBXGroup;
			children = (
				893D5CEA281A677A00E16F45 /* SecondScreen.swift */,
			);
			path = task2;
			sourceTree = "<group>";
		};
		893D5CEC281A68D700E16F45 /* task3 */ = {
			isa = PBXGroup;
			children = (
				893D5CED281A690C00E16F45 /* ThreedScreen.swift */,
			);
			path = task3;
			sourceTree = "<group>";
		};
		893D5CEF281A6A8100E16F45 /* task4 */ = {
			isa = PBXGroup;
			children = (
				893D5CF0281A6A8E00E16F45 /* FourScreen.swift */,
			);
			path = task4;
			sourceTree = "<group>";
		};
		893D5CF2281A701100E16F45 /* task5 */ = {
			isa = PBXGroup;
			children = (
				893D5CF3281A702900E16F45 /* FiveScreen.swift */,
			);
			path = task5;
			sourceTree = "<group>";
		};
		893D5CF5281A7A2300E16F45 /* splash */ = {
			isa = PBXGroup;
			children = (
				893D5CF6281A7A3600E16F45 /* SplashScreen.swift */,
			);
			path = splash;
			sourceTree = "<group>";
		};
/* End PBXGroup section */

/* Begin PBXNativeTarget section */
		893D5CCD281A650400E16F45 /* Module5_Task10 */ = {
			isa = PBXNativeTarget;
			buildConfigurationList = 893D5CE1281A650600E16F45 /* Build configuration list for PBXNativeTarget "Module5_Task10" */;
			buildPhases = (
				893D5CCA281A650400E16F45 /* Sources */,
				893D5CCB281A650400E16F45 /* Frameworks */,
				893D5CCC281A650400E16F45 /* Resources */,
			);
			buildRules = (
			);
			dependencies = (
			);
			name = Module5_Task10;
			productName = Module5_Task10;
			productReference = 893D5CCE281A650400E16F45 /* Module5_Task10.app */;
			productType = "com.apple.product-type.application";
		};
/* End PBXNativeTarget section */

/* Begin PBXProject section */
		893D5CC6281A650400E16F45 /* Project object */ = {
			isa = PBXProject;
			attributes = {
				BuildIndependentTargetsInParallel = 1;
				LastSwiftUpdateCheck = 1330;
				LastUpgradeCheck = 1330;
				TargetAttributes = {
					893D5CCD281A650400E16F45 = {
						CreatedOnToolsVersion = 13.3.1;
					};
				};
			};
			buildConfigurationList = 893D5CC9281A650400E16F45 /* Build configuration list for PBXProject "Module5_Task10" */;
			compatibilityVersion = "Xcode 13.0";
			developmentRegion = en;
			hasScannedForEncodings = 0;
			knownRegions = (
				en,
				Base,
			);
			mainGroup = 893D5CC5281A650400E16F45;
			productRefGroup = 893D5CCF281A650400E16F45 /* Products */;
			projectDirPath = "";
			projectRoot = "";
			targets = (
				893D5CCD281A650400E16F45 /* Module5_Task10 */,
			);
		};
/* End PBXProject section */

/* Begin PBXResourcesBuildPhase section */
		893D5CCC281A650400E16F45 /* Resources */ = {
			isa = PBXResourcesBuildPhase;
			buildActionMask = 2147483647;
			files = (
				893D5CD9281A650600E16F45 /* Preview Assets.xcassets in Resources */,
				893D5CD6281A650600E16F45 /* Assets.xcassets in Resources */,
			);
			runOnlyForDeploymentPostprocessing = 0;
		};
/* End PBXResourcesBuildPhase section */

/* Begin PBXSourcesBuildPhase section */
		893D5CCA281A650400E16F45 /* Sources */ = {
			isa = PBXSourcesBuildPhase;
			buildActionMask = 2147483647;
			files = (
				893D5CF7281A7A3600E16F45 /* SplashScreen.swift in Sources */,
				893D5CDB281A650600E16F45 /* Persistence.swift in Sources */,
				893D5CDE281A650600E16F45 /* Module5_Task10.xcdatamodeld in Sources */,
				893D5CD2281A650400E16F45 /* Module5_Task10App.swift in Sources */,
				893D5CF1281A6A8E00E16F45 /* FourScreen.swift in Sources */,
				893D5CEE281A690C00E16F45 /* ThreedScreen.swift in Sources */,
				893D5CF4281A702A00E16F45 /* FiveScreen.swift in Sources */,
				893D5CE8281A655900E16F45 /* FirstTaskScreen.swift in Sources */,
				893D5CEB281A677A00E16F45 /* SecondScreen.swift in Sources */,
			);
			runOnlyForDeploymentPostprocessing = 0;
		};
/* End PBXSourcesBuildPhase section */

/* Begin XCBuildConfiguration section */
		893D5CDF281A650600E16F45 /* Debug */ = {
			isa = XCBuildConfiguration;
			buildSettings = {
				ALWAYS_SEARCH_USER_PATHS = NO;
				CLANG_ANALYZER_NONNULL = YES;
				CLANG_ANALYZER_NUMBER_OBJECT_CONVERSION = YES_AGGRESSIVE;
				CLANG_CXX_LANGUAGE_STANDARD = "gnu++17";
				CLANG_ENABLE_MODULES = YES;
				CLANG_ENABLE_OBJC_ARC = YES;
				CLANG_ENABLE_OBJC_WEAK = YES;
				CLANG_WARN_BLOCK_CAPTURE_AUTORELEASING = YES;
				CLANG_WARN_BOOL_CONVERSION = YES;
				CLANG_WARN_COMMA = YES;
				CLANG_WARN_CONSTANT_CONVERSION = YES;
				CLANG_WARN_DEPRECATED_OBJC_IMPLEMENTATIONS = YES;
				CLANG_WARN_DIRECT_OBJC_ISA_USAGE = YES_ERROR;
				CLANG_WARN_DOCUMENTATION_COMMENTS = YES;
				CLANG_WARN_EMPTY_BODY = YES;
				CLANG_WARN_ENUM_CONVERSION = YES;
				CLANG_WARN_INFINITE_RECURSION = YES;
				CLANG_WARN_INT_CONVERSION = YES;
				CLANG_WARN_NON_LITERAL_NULL_CONVERSION = YES;
				CLANG_WARN_OBJC_IMPLICIT_RETAIN_SELF = YES;
				CLANG_WARN_OBJC_LITERAL_CONVERSION = YES;
				CLANG_WARN_OBJC_ROOT_CLASS = YES_ERROR;
				CLANG_WARN_QUOTED_INCLUDE_IN_FRAMEWORK_HEADER = YES;
				CLANG_WARN_RANGE_LOOP_ANALYSIS = YES;
				CLANG_WARN_STRICT_PROTOTYPES = YES;
				CLANG_WARN_SUSPICIOUS_MOVE = YES;
				CLANG_WARN_UNGUARDED_AVAILABILITY = YES_AGGRESSIVE;
				CLANG_WARN_UNREACHABLE_CODE = YES;
				CLANG_WARN__DUPLICATE_METHOD_MATCH = YES;
				COPY_PHASE_STRIP = NO;
				DEBUG_INFORMATION_FORMAT = dwarf;
				ENABLE_STRICT_OBJC_MSGSEND = YES;
				ENABLE_TESTABILITY = YES;
				GCC_C_LANGUAGE_STANDARD = gnu11;
				GCC_DYNAMIC_NO_PIC = NO;
				GCC_NO_COMMON_BLOCKS = YES;
				GCC_OPTIMIZATION_LEVEL = 0;
				GCC_PREPROCESSOR_DEFINITIONS = (
					"DEBUG=1",
					"$(inherited)",
				);
				GCC_WARN_64_TO_32_BIT_CONVERSION = YES;
				GCC_WARN_ABOUT_RETURN_TYPE = YES_ERROR;
				GCC_WARN_UNDECLARED_SELECTOR = YES;
				GCC_WARN_UNINITIALIZED_AUTOS = YES_AGGRESSIVE;
				GCC_WARN_UNUSED_FUNCTION = YES;
				GCC_WARN_UNUSED_VARIABLE = YES;
				IPHONEOS_DEPLOYMENT_TARGET = 15.4;
				MTL_ENABLE_DEBUG_INFO = INCLUDE_SOURCE;
				MTL_FAST_MATH = YES;
				ONLY_ACTIVE_ARCH = YES;
				SDKROOT = iphoneos;
				SWIFT_ACTIVE_COMPILATION_CONDITIONS = DEBUG;
				SWIFT_OPTIMIZATION_LEVEL = "-Onone";
			};
			name = Debug;
		};
		893D5CE0281A650600E16F45 /* Release */ = {
			isa = XCBuildConfiguration;
			buildSettings = {
				ALWAYS_SEARCH_USER_PATHS = NO;
				CLANG_ANALYZER_NONNULL = YES;
				CLANG_ANALYZER_NUMBER_OBJECT_CONVERSION = YES_AGGRESSIVE;
				CLANG_CXX_LANGUAGE_STANDARD = "gnu++17";
				CLANG_ENABLE_MODULES = YES;
				CLANG_ENABLE_OBJC_ARC = YES;
				CLANG_ENABLE_OBJC_WEAK = YES;
				CLANG_WARN_BLOCK_CAPTURE_AUTORELEASING = YES;
				CLANG_WARN_BOOL_CONVERSION = YES;
				CLANG_WARN_COMMA = YES;
				CLANG_WARN_CONSTANT_CONVERSION = YES;
				CLANG_WARN_DEPRECATED_OBJC_IMPLEMENTATIONS = YES;
				CLANG_WARN_DIRECT_OBJC_ISA_USAGE = YES_ERROR;
				CLANG_WARN_DOCUMENTATION_COMMENTS = YES;
				CLANG_WARN_EMPTY_BODY = YES;
				CLANG_WARN_ENUM_CONVERSION = YES;
				CLANG_WARN_INFINITE_RECURSION = YES;
				CLANG_WARN_INT_CONVERSION = YES;
				CLANG_WARN_NON_LITERAL_NULL_CONVERSION = YES;
				CLANG_WARN_OBJC_IMPLICIT_RETAIN_SELF = YES;
				CLANG_WARN_OBJC_LITERAL_CONVERSION = YES;
				CLANG_WARN_OBJC_ROOT_CLASS = YES_ERROR;
				CLANG_WARN_QUOTED_INCLUDE_IN_FRAMEWORK_HEADER = YES;
				CLANG_WARN_RANGE_LOOP_ANALYSIS = YES;
				CLANG_WARN_STRICT_PROTOTYPES = YES;
				CLANG_WARN_SUSPICIOUS_MOVE = YES;
				CLANG_WARN_UNGUARDED_AVAILABILITY = YES_AGGRESSIVE;
				CLANG_WARN_UNREACHABLE_CODE = YES;
				CLANG_WARN__DUPLICATE_METHOD_MATCH = YES;
				COPY_PHASE_STRIP = NO;
				DEBUG_INFORMATION_FORMAT = "dwarf-with-dsym";
				ENABLE_NS_ASSERTIONS = NO;
				ENABLE_STRICT_OBJC_MSGSEND = YES;
				GCC_C_LANGUAGE_STANDARD = gnu11;
				GCC_NO_COMMON_BLOCKS = YES;
				GCC_WARN_64_TO_32_BIT_CONVERSION = YES;
				GCC_WARN_ABOUT_RETURN_TYPE = YES_ERROR;
				GCC_WARN_UNDECLARED_SELECTOR = YES;
				GCC_WARN_UNINITIALIZED_AUTOS = YES_AGGRESSIVE;
				GCC_WARN_UNUSED_FUNCTION = YES;
				GCC_WARN_UNUSED_VARIABLE = YES;
				IPHONEOS_DEPLOYMENT_TARGET = 15.4;
				MTL_ENABLE_DEBUG_INFO = NO;
				MTL_FAST_MATH = YES;
				SDKROOT = iphoneos;
				SWIFT_COMPILATION_MODE = wholemodule;
				SWIFT_OPTIMIZATION_LEVEL = "-O";
				VALIDATE_PRODUCT = YES;
			};
			name = Release;
		};
		893D5CE2281A650600E16F45 /* Debug */ = {
			isa = XCBuildConfiguration;
			buildSettings = {
				ASSETCATALOG_COMPILER_APPICON_NAME = AppIcon;
				ASSETCATALOG_COMPILER_GLOBAL_ACCENT_COLOR_NAME = AccentColor;
				CODE_SIGN_STYLE = Automatic;
				CURRENT_PROJECT_VERSION = 1;
				DEVELOPMENT_ASSET_PATHS = "\"Module5_Task10/Preview Content\"";
				ENABLE_PREVIEWS = YES;
				GENERATE_INFOPLIST_FILE = YES;
				INFOPLIST_KEY_UIApplicationSceneManifest_Generation = YES;
				INFOPLIST_KEY_UIApplicationSupportsIndirectInputEvents = YES;
				INFOPLIST_KEY_UILaunchScreen_Generation = YES;
				INFOPLIST_KEY_UISupportedInterfaceOrientations_iPad = "UIInterfaceOrientationPortrait UIInterfaceOrientationPortraitUpsideDown UIInterfaceOrientationLandscapeLeft UIInterfaceOrientationLandscapeRight";
				INFOPLIST_KEY_UISupportedInterfaceOrientations_iPhone = "UIInterfaceOrientationPortrait UIInterfaceOrientationLandscapeLeft UIInterfaceOrientationLandscapeRight";
				LD_RUNPATH_SEARCH_PATHS = (
					"$(inherited)",
					"@executable_path/Frameworks",
				);
				MARKETING_VERSION = 1.0;
				PRODUCT_BUNDLE_IDENTIFIER = "Apple.Module5-Task10";
				PRODUCT_NAME = "$(TARGET_NAME)";
				SWIFT_EMIT_LOC_STRINGS = YES;
				SWIFT_VERSION = 5.0;
				TARGETED_DEVICE_FAMILY = "1,2";
			};
			name = Debug;
		};
		893D5CE3281A650600E16F45 /* Release */ = {
			isa = XCBuildConfiguration;
			buildSettings = {
				ASSETCATALOG_COMPILER_APPICON_NAME = AppIcon;
				ASSETCATALOG_COMPILER_GLOBAL_ACCENT_COLOR_NAME = AccentColor;
				CODE_SIGN_STYLE = Automatic;
				CURRENT_PROJECT_VERSION = 1;
				DEVELOPMENT_ASSET_PATHS = "\"Module5_Task10/Preview Content\"";
				ENABLE_PREVIEWS = YES;
				GENERATE_INFOPLIST_FILE = YES;
				INFOPLIST_KEY_UIApplicationSceneManifest_Generation = YES;
				INFOPLIST_KEY_UIApplicationSupportsIndirectInputEvents = YES;
				INFOPLIST_KEY_UILaunchScreen_Generation = YES;
				INFOPLIST_KEY_UISupportedInterfaceOrientations_iPad = "UIInterfaceOrientationPortrait UIInterfaceOrientationPortraitUpsideDown UIInterfaceOrientationLandscapeLeft UIInterfaceOrientationLandscapeRight";
				INFOPLIST_KEY_UISupportedInterfaceOrientations_iPhone = "UIInterfaceOrientationPortrait UIInterfaceOrientationLandscapeLeft UIInterfaceOrientationLandscapeRight";
				LD_RUNPATH_SEARCH_PATHS = (
					"$(inherited)",
					"@executable_path/Frameworks",
				);
				MARKETING_VERSION = 1.0;
				PRODUCT_BUNDLE_IDENTIFIER = "Apple.Module5-Task10";
				PRODUCT_NAME = "$(TARGET_NAME)";
				SWIFT_EMIT_LOC_STRINGS = YES;
				SWIFT_VERSION = 5.0;
				TARGETED_DEVICE_FAMILY = "1,2";
			};
			name = Release;
		};
/* End XCBuildConfiguration section */

/* Begin XCConfigurationList section */
		893D5CC9281A650400E16F45 /* Build configuration list for PBXProject "Module5_Task10" */ = {
			isa = XCConfigurationList;
			buildConfigurations = (
				893D5CDF281A650600E16F45 /* Debug */,
				893D5CE0281A650600E16F45 /* Release */,
			);
			defaultConfigurationIsVisible = 0;
			defaultConfigurationName = Release;
		};
		893D5CE1281A650600E16F45 /* Build configuration list for PBXNativeTarget "Module5_Task10" */ = {
			isa = XCConfigurationList;
			buildConfigurations = (
				893D5CE2281A650600E16F45 /* Debug */,
				893D5CE3281A650600E16F45 /* Release */,
			);
			defaultConfigurationIsVisible = 0;
			defaultConfigurationName = Release;
		};
/* End XCConfigurationList section */

/* Begin XCVersionGroup section */
		893D5CDC281A650600E16F45 /* Module5_Task10.xcdatamodeld */ = {
			isa = XCVersionGroup;
			children = (
				893D5CDD281A650600E16F45 /* Module5_Task10.xcdatamodel */,
			);
			currentVersion = 893D5CDD281A650600E16F45 /* Module5_Task10.xcdatamodel */;
			path = Module5_Task10.xcdatamodeld;
			sourceTree = "<group>";
			versionGroupType = wrapper.xcdatamodel;
		};
/* End XCVersionGroup section */
	};
	rootObject = 893D5CC6281A650400E16F45 /* Project object */;
}
